
Microsoft Visual Studio Solution File, Format Version 12.00
# Visual Studio Version 17
VisualStudioVersion = 17.14.36414.22 d17.14
MinimumVisualStudioVersion = 10.0.40219.1
Project("{FAE04EC0-301F-11D3-BF4B-00C04F79EFBC}") = "CreArte", "CreArte\CreArte.csproj", "{56C37400-28BA-4671-939F-C9BDE31C050B}"
EndProject
Global
	GlobalSection(SolutionConfigurationPlatforms) = preSolution
		Debug|Any CPU = Debug|Any CPU
		Release|Any CPU = Release|Any CPU
	EndGlobalSection
	GlobalSection(ProjectConfigurationPlatforms) = postSolution
		{56C37400-28BA-4671-939F-C9BDE31C050B}.Debug|Any CPU.ActiveCfg = Debug|Any CPU
		{56C37400-28BA-4671-939F-C9BDE31C050B}.Debug|Any CPU.Build.0 = Debug|Any CPU
		{56C37400-28BA-4671-939F-C9BDE31C050B}.Release|Any CPU.ActiveCfg = Release|Any CPU
		{56C37400-28BA-4671-939F-C9BDE31C050B}.Release|Any CPU.Build.0 = Release|Any CPU
	EndGlobalSection
	GlobalSection(SolutionProperties) = preSolution
		HideSolutionNode = FALSE
	EndGlobalSection
	GlobalSection(ExtensibilityGlobals) = postSolution
		SolutionGuid = {F63BF512-1273-4AE7-9015-E46D7DB89DE6}
	EndGlobalSection
EndGlobal
